
Microsoft Visual Studio Solution File, Format Version 12.00
# Visual Studio 14
VisualStudioVersion = 14.0.24720.0
MinimumVisualStudioVersion = 10.0.40219.1
Project("{8BB2217D-0F2D-49D1-97BC-3654ED321F3B}") = "Mandrill", "src\Mandrill\Mandrill.xproj", "{D7AD0F74-4930-4CA0-9DD3-9511386ADD47}"
EndProject
Project("{2150E333-8FDC-42A3-9474-1A3956D46DE8}") = "src", "src", "{0EFA65E1-6E7A-462E-AF53-3AEF92FAD6E6}"
EndProject
Project("{2150E333-8FDC-42A3-9474-1A3956D46DE8}") = "tests", "tests", "{4FC8EB8B-9C3B-4E46-94F4-42BEBE41BEA2}"
EndProject
Project("{2150E333-8FDC-42A3-9474-1A3956D46DE8}") = "Solution Items", "Solution Items", "{83531DF0-F15F-4A42-92E3-061282F40F4C}"
	ProjectSection(SolutionItems) = preProject
		.travis.yml = .travis.yml
		build.sh = build.sh
		global.json = global.json
	EndProjectSection
EndProject
Global
	GlobalSection(SolutionConfigurationPlatforms) = preSolution
		Debug|Any CPU = Debug|Any CPU
		Release|Any CPU = Release|Any CPU
	EndGlobalSection
	GlobalSection(ProjectConfigurationPlatforms) = postSolution
		{D7AD0F74-4930-4CA0-9DD3-9511386ADD47}.Debug|Any CPU.ActiveCfg = Debug|Any CPU
		{D7AD0F74-4930-4CA0-9DD3-9511386ADD47}.Debug|Any CPU.Build.0 = Debug|Any CPU
		{D7AD0F74-4930-4CA0-9DD3-9511386ADD47}.Release|Any CPU.ActiveCfg = Release|Any CPU
		{D7AD0F74-4930-4CA0-9DD3-9511386ADD47}.Release|Any CPU.Build.0 = Release|Any CPU
	EndGlobalSection
	GlobalSection(SolutionProperties) = preSolution
		HideSolutionNode = FALSE
	EndGlobalSection
	GlobalSection(NestedProjects) = preSolution
		{D7AD0F74-4930-4CA0-9DD3-9511386ADD47} = {0EFA65E1-6E7A-462E-AF53-3AEF92FAD6E6}
	EndGlobalSection
EndGlobal
